// !$*UTF8*$!
{
	archiveVersion = 1;
	classes = {
	};
	objectVersion = 46;
	objects = {

/* Begin PBXBuildFile section */
		0919AE1D16536B7E00E5A50E /* bg-90.png in Resources */ = {isa = PBXBuildFile; fileRef = 0919AE1C16536B7E00E5A50E /* bg-90.png */; };
		094D129516579B15009DF9A1 /* backbutton.png in Resources */ = {isa = PBXBuildFile; fileRef = 094D128416579B15009DF9A1 /* backbutton.png */; };
		094D129616579B15009DF9A1 /* bactofront.png in Resources */ = {isa = PBXBuildFile; fileRef = 094D128516579B15009DF9A1 /* bactofront.png */; };
		094D129716579B15009DF9A1 /* bg.png in Resources */ = {isa = PBXBuildFile; fileRef = 094D128616579B15009DF9A1 /* bg.png */; };
		094D129816579B15009DF9A1 /* button-pressed.png in Resources */ = {isa = PBXBuildFile; fileRef = 094D128716579B15009DF9A1 /* button-pressed.png */; };
		094D129916579B15009DF9A1 /* clip.png in Resources */ = {isa = PBXBuildFile; fileRef = 094D128816579B15009DF9A1 /* clip.png */; };
		094D129A16579B15009DF9A1 /* counter.png in Resources */ = {isa = PBXBuildFile; fileRef = 094D128916579B15009DF9A1 /* counter.png */; };
		094D129B16579B15009DF9A1 /* info-button-pressed.png in Resources */ = {isa = PBXBuildFile; fileRef = 094D128A16579B15009DF9A1 /* info-button-pressed.png */; };
		094D129C16579B15009DF9A1 /* info-button.png in Resources */ = {isa = PBXBuildFile; fileRef = 094D128B16579B15009DF9A1 /* info-button.png */; };
		094D129D16579B15009DF9A1 /* info-icon.png in Resources */ = {isa = PBXBuildFile; fileRef = 094D128C16579B15009DF9A1 /* info-icon.png */; };
		094D129E16579B15009DF9A1 /* pictureholder.png in Resources */ = {isa = PBXBuildFile; fileRef = 094D128D16579B15009DF9A1 /* pictureholder.png */; };
		094D129F16579B15009DF9A1 /* refresh-icon.png in Resources */ = {isa = PBXBuildFile; fileRef = 094D128E16579B15009DF9A1 /* refresh-icon.png */; };
		094D12A016579B15009DF9A1 /* refreshbutton-bg.png in Resources */ = {isa = PBXBuildFile; fileRef = 094D128F16579B15009DF9A1 /* refreshbutton-bg.png */; };
		094D12A116579B15009DF9A1 /* refreshbutton.png in Resources */ = {isa = PBXBuildFile; fileRef = 094D129016579B15009DF9A1 /* refreshbutton.png */; };
		094D12A216579B15009DF9A1 /* scrobble-head.png in Resources */ = {isa = PBXBuildFile; fileRef = 094D129116579B15009DF9A1 /* scrobble-head.png */; };
		094D12A316579B15009DF9A1 /* scrobbler-bg.png in Resources */ = {isa = PBXBuildFile; fileRef = 094D129216579B15009DF9A1 /* scrobbler-bg.png */; };
		094D12A416579B15009DF9A1 /* share-icon.png in Resources */ = {isa = PBXBuildFile; fileRef = 094D129316579B15009DF9A1 /* share-icon.png */; };
		094D12A516579B15009DF9A1 /* toolbar.png in Resources */ = {isa = PBXBuildFile; fileRef = 094D129416579B15009DF9A1 /* toolbar.png */; };
		094D12A716579B26009DF9A1 /* rss-icon.jpeg in Resources */ = {isa = PBXBuildFile; fileRef = 094D12A616579B26009DF9A1 /* rss-icon.jpeg */; };
		094D12A91657A523009DF9A1 /* feed-rss.png in Resources */ = {isa = PBXBuildFile; fileRef = 094D12A81657A523009DF9A1 /* feed-rss.png */; };
		09544BD1163C30FB00181757 /* UIKit.framework in Frameworks */ = {isa = PBXBuildFile; fileRef = 09544BD0163C30FB00181757 /* UIKit.framework */; };
		09544BD3163C30FB00181757 /* Foundation.framework in Frameworks */ = {isa = PBXBuildFile; fileRef = 09544BD2163C30FB00181757 /* Foundation.framework */; };
		09544BD5163C30FB00181757 /* CoreGraphics.framework in Frameworks */ = {isa = PBXBuildFile; fileRef = 09544BD4163C30FB00181757 /* CoreGraphics.framework */; };
		09544BDB163C30FB00181757 /* InfoPlist.strings in Resources */ = {isa = PBXBuildFile; fileRef = 09544BD9163C30FB00181757 /* InfoPlist.strings */; };
		09544BDD163C30FB00181757 /* main.m in Sources */ = {isa = PBXBuildFile; fileRef = 09544BDC163C30FB00181757 /* main.m */; };
		09544BE1163C30FB00181757 /* RouseAppDelegate.m in Sources */ = {isa = PBXBuildFile; fileRef = 09544BE0163C30FB00181757 /* RouseAppDelegate.m */; };
		09544BE3163C30FB00181757 /* Default.png in Resources */ = {isa = PBXBuildFile; fileRef = 09544BE2163C30FB00181757 /* Default.png */; };
		09544BE5163C30FB00181757 /* Default@2x.png in Resources */ = {isa = PBXBuildFile; fileRef = 09544BE4163C30FB00181757 /* Default@2x.png */; };
		09544BE7163C30FB00181757 /* Default-568h@2x.png in Resources */ = {isa = PBXBuildFile; fileRef = 09544BE6163C30FB00181757 /* Default-568h@2x.png */; };
		09544BEA163C30FB00181757 /* MainStoryboard.storyboard in Resources */ = {isa = PBXBuildFile; fileRef = 09544BE8163C30FB00181757 /* MainStoryboard.storyboard */; };
		09544BED163C30FB00181757 /* RouseFeedController.m in Sources */ = {isa = PBXBuildFile; fileRef = 09544BEC163C30FB00181757 /* RouseFeedController.m */; };
		09544C1E163C611000181757 /* Feed.m in Sources */ = {isa = PBXBuildFile; fileRef = 09544C1B163C610F00181757 /* Feed.m */; };
		09544C1F163C611000181757 /* FeedManager.m in Sources */ = {isa = PBXBuildFile; fileRef = 09544C1D163C610F00181757 /* FeedManager.m */; };
		09544C23163C614800181757 /* RouseUtility.m in Sources */ = {isa = PBXBuildFile; fileRef = 09544C22163C614700181757 /* RouseUtility.m */; };
		09544C29163C62CB00181757 /* Photo.m in Sources */ = {isa = PBXBuildFile; fileRef = 09544C28163C62CB00181757 /* Photo.m */; };
		096BB59C1642AB7A007953D9 /* RSSParser.m in Sources */ = {isa = PBXBuildFile; fileRef = 096BB59B1642AB7A007953D9 /* RSSParser.m */; };
		0974B145165201260051BD3C /* RouseImageDetailController.m in Sources */ = {isa = PBXBuildFile; fileRef = 0974B144165201260051BD3C /* RouseImageDetailController.m */; };
		09866E1F1651E47600D97B46 /* rss-test.png in Resources */ = {isa = PBXBuildFile; fileRef = 09866E1E1651E47600D97B46 /* rss-test.png */; };
		09A0E82F164F55BE002A942B /* RouseFeedCellView.m in Sources */ = {isa = PBXBuildFile; fileRef = 09A0E82E164F55BE002A942B /* RouseFeedCellView.m */; };
		09A0E832164F5DB1002A942B /* RouseConstants.m in Sources */ = {isa = PBXBuildFile; fileRef = 09A0E831164F5DB1002A942B /* RouseConstants.m */; };
		09AEE045163EF8F500E5BADA /* RouseFeedsManagerViewController.m in Sources */ = {isa = PBXBuildFile; fileRef = 09AEE044163EF8F500E5BADA /* RouseFeedsManagerViewController.m */; };
		09BDC93E163DE42B00B8C4C7 /* RouseFeedsController.m in Sources */ = {isa = PBXBuildFile; fileRef = 09BDC93D163DE42B00B8C4C7 /* RouseFeedsController.m */; };
		09CCDE5C16511B720099BBD8 /* RouseImageCellView.m in Sources */ = {isa = PBXBuildFile; fileRef = 09CCDE5B16511B720099BBD8 /* RouseImageCellView.m */; };
/* End PBXBuildFile section */

/* Begin PBXFileReference section */
		0919AE1C16536B7E00E5A50E /* bg-90.png */ = {isa = PBXFileReference; lastKnownFileType = image.png; path = "bg-90.png"; sourceTree = "<group>"; };
		094D128416579B15009DF9A1 /* backbutton.png */ = {isa = PBXFileReference; lastKnownFileType = image.png; path = backbutton.png; sourceTree = "<group>"; };
		094D128516579B15009DF9A1 /* bactofront.png */ = {isa = PBXFileReference; lastKnownFileType = image.png; path = bactofront.png; sourceTree = "<group>"; };
		094D128616579B15009DF9A1 /* bg.png */ = {isa = PBXFileReference; lastKnownFileType = image.png; path = bg.png; sourceTree = "<group>"; };
		094D128716579B15009DF9A1 /* button-pressed.png */ = {isa = PBXFileReference; lastKnownFileType = image.png; path = "button-pressed.png"; sourceTree = "<group>"; };
		094D128816579B15009DF9A1 /* clip.png */ = {isa = PBXFileReference; lastKnownFileType = image.png; path = clip.png; sourceTree = "<group>"; };
		094D128916579B15009DF9A1 /* counter.png */ = {isa = PBXFileReference; lastKnownFileType = image.png; path = counter.png; sourceTree = "<group>"; };
		094D128A16579B15009DF9A1 /* info-button-pressed.png */ = {isa = PBXFileReference; lastKnownFileType = image.png; path = "info-button-pressed.png"; sourceTree = "<group>"; };
		094D128B16579B15009DF9A1 /* info-button.png */ = {isa = PBXFileReference; lastKnownFileType = image.png; path = "info-button.png"; sourceTree = "<group>"; };
		094D128C16579B15009DF9A1 /* info-icon.png */ = {isa = PBXFileReference; lastKnownFileType = image.png; path = "info-icon.png"; sourceTree = "<group>"; };
		094D128D16579B15009DF9A1 /* pictureholder.png */ = {isa = PBXFileReference; lastKnownFileType = image.png; path = pictureholder.png; sourceTree = "<group>"; };
		094D128E16579B15009DF9A1 /* refresh-icon.png */ = {isa = PBXFileReference; lastKnownFileType = image.png; path = "refresh-icon.png"; sourceTree = "<group>"; };
		094D128F16579B15009DF9A1 /* refreshbutton-bg.png */ = {isa = PBXFileReference; lastKnownFileType = image.png; path = "refreshbutton-bg.png"; sourceTree = "<group>"; };
		094D129016579B15009DF9A1 /* refreshbutton.png */ = {isa = PBXFileReference; lastKnownFileType = image.png; path = refreshbutton.png; sourceTree = "<group>"; };
		094D129116579B15009DF9A1 /* scrobble-head.png */ = {isa = PBXFileReference; lastKnownFileType = image.png; path = "scrobble-head.png"; sourceTree = "<group>"; };
		094D129216579B15009DF9A1 /* scrobbler-bg.png */ = {isa = PBXFileReference; lastKnownFileType = image.png; path = "scrobbler-bg.png"; sourceTree = "<group>"; };
		094D129316579B15009DF9A1 /* share-icon.png */ = {isa = PBXFileReference; lastKnownFileType = image.png; path = "share-icon.png"; sourceTree = "<group>"; };
		094D129416579B15009DF9A1 /* toolbar.png */ = {isa = PBXFileReference; lastKnownFileType = image.png; path = toolbar.png; sourceTree = "<group>"; };
		094D12A616579B26009DF9A1 /* rss-icon.jpeg */ = {isa = PBXFileReference; lastKnownFileType = image.jpeg; path = "rss-icon.jpeg"; sourceTree = "<group>"; };
		094D12A81657A523009DF9A1 /* feed-rss.png */ = {isa = PBXFileReference; lastKnownFileType = image.png; path = "feed-rss.png"; sourceTree = "<group>"; };
		09544BCC163C30FB00181757 /* Rouse.app */ = {isa = PBXFileReference; explicitFileType = wrapper.application; includeInIndex = 0; path = Rouse.app; sourceTree = BUILT_PRODUCTS_DIR; };
		09544BD0163C30FB00181757 /* UIKit.framework */ = {isa = PBXFileReference; lastKnownFileType = wrapper.framework; name = UIKit.framework; path = System/Library/Frameworks/UIKit.framework; sourceTree = SDKROOT; };
		09544BD2163C30FB00181757 /* Foundation.framework */ = {isa = PBXFileReference; lastKnownFileType = wrapper.framework; name = Foundation.framework; path = System/Library/Frameworks/Foundation.framework; sourceTree = SDKROOT; };
		09544BD4163C30FB00181757 /* CoreGraphics.framework */ = {isa = PBXFileReference; lastKnownFileType = wrapper.framework; name = CoreGraphics.framework; path = System/Library/Frameworks/CoreGraphics.framework; sourceTree = SDKROOT; };
		09544BD8163C30FB00181757 /* Rouse-Info.plist */ = {isa = PBXFileReference; lastKnownFileType = text.plist.xml; path = "Rouse-Info.plist"; sourceTree = "<group>"; };
		09544BDA163C30FB00181757 /* en */ = {isa = PBXFileReference; lastKnownFileType = text.plist.strings; name = en; path = en.lproj/InfoPlist.strings; sourceTree = "<group>"; };
		09544BDC163C30FB00181757 /* main.m */ = {isa = PBXFileReference; lastKnownFileType = sourcecode.c.objc; path = main.m; sourceTree = "<group>"; };
		09544BDE163C30FB00181757 /* Rouse-Prefix.pch */ = {isa = PBXFileReference; lastKnownFileType = sourcecode.c.h; path = "Rouse-Prefix.pch"; sourceTree = "<group>"; };
		09544BDF163C30FB00181757 /* RouseAppDelegate.h */ = {isa = PBXFileReference; lastKnownFileType = sourcecode.c.h; path = RouseAppDelegate.h; sourceTree = "<group>"; };
		09544BE0163C30FB00181757 /* RouseAppDelegate.m */ = {isa = PBXFileReference; lastKnownFileType = sourcecode.c.objc; path = RouseAppDelegate.m; sourceTree = "<group>"; };
		09544BE2163C30FB00181757 /* Default.png */ = {isa = PBXFileReference; lastKnownFileType = image.png; path = Default.png; sourceTree = "<group>"; };
		09544BE4163C30FB00181757 /* Default@2x.png */ = {isa = PBXFileReference; lastKnownFileType = image.png; path = "Default@2x.png"; sourceTree = "<group>"; };
		09544BE6163C30FB00181757 /* Default-568h@2x.png */ = {isa = PBXFileReference; lastKnownFileType = image.png; path = "Default-568h@2x.png"; sourceTree = "<group>"; };
		09544BE9163C30FB00181757 /* en */ = {isa = PBXFileReference; lastKnownFileType = file.storyboard; name = en; path = en.lproj/MainStoryboard.storyboard; sourceTree = "<group>"; };
		09544BEB163C30FB00181757 /* RouseFeedController.h */ = {isa = PBXFileReference; lastKnownFileType = sourcecode.c.h; path = RouseFeedController.h; sourceTree = "<group>"; };
		09544BEC163C30FB00181757 /* RouseFeedController.m */ = {isa = PBXFileReference; lastKnownFileType = sourcecode.c.objc; path = RouseFeedController.m; sourceTree = "<group>"; };
		09544C1A163C610F00181757 /* Feed.h */ = {isa = PBXFileReference; fileEncoding = 4; lastKnownFileType = sourcecode.c.h; path = Feed.h; sourceTree = "<group>"; };
		09544C1B163C610F00181757 /* Feed.m */ = {isa = PBXFileReference; fileEncoding = 4; lastKnownFileType = sourcecode.c.objc; path = Feed.m; sourceTree = "<group>"; };
		09544C1C163C610F00181757 /* FeedManager.h */ = {isa = PBXFileReference; fileEncoding = 4; lastKnownFileType = sourcecode.c.h; path = FeedManager.h; sourceTree = "<group>"; };
		09544C1D163C610F00181757 /* FeedManager.m */ = {isa = PBXFileReference; fileEncoding = 4; lastKnownFileType = sourcecode.c.objc; path = FeedManager.m; sourceTree = "<group>"; };
		09544C21163C614700181757 /* RouseUtility.h */ = {isa = PBXFileReference; fileEncoding = 4; lastKnownFileType = sourcecode.c.h; path = RouseUtility.h; sourceTree = "<group>"; };
		09544C22163C614700181757 /* RouseUtility.m */ = {isa = PBXFileReference; fileEncoding = 4; lastKnownFileType = sourcecode.c.objc; path = RouseUtility.m; sourceTree = "<group>"; };
		09544C27163C62CB00181757 /* Photo.h */ = {isa = PBXFileReference; fileEncoding = 4; lastKnownFileType = sourcecode.c.h; path = Photo.h; sourceTree = "<group>"; };
		09544C28163C62CB00181757 /* Photo.m */ = {isa = PBXFileReference; fileEncoding = 4; lastKnownFileType = sourcecode.c.objc; path = Photo.m; sourceTree = "<group>"; };
		096BB59A1642AB7A007953D9 /* RSSParser.h */ = {isa = PBXFileReference; fileEncoding = 4; lastKnownFileType = sourcecode.c.h; path = RSSParser.h; sourceTree = "<group>"; };
		096BB59B1642AB7A007953D9 /* RSSParser.m */ = {isa = PBXFileReference; fileEncoding = 4; lastKnownFileType = sourcecode.c.objc; path = RSSParser.m; sourceTree = "<group>"; };
		0974B143165201260051BD3C /* RouseImageDetailController.h */ = {isa = PBXFileReference; fileEncoding = 4; lastKnownFileType = sourcecode.c.h; path = RouseImageDetailController.h; sourceTree = "<group>"; };
		0974B144165201260051BD3C /* RouseImageDetailController.m */ = {isa = PBXFileReference; fileEncoding = 4; lastKnownFileType = sourcecode.c.objc; path = RouseImageDetailController.m; sourceTree = "<group>"; };
		09866E1E1651E47600D97B46 /* rss-test.png */ = {isa = PBXFileReference; lastKnownFileType = image.png; path = "rss-test.png"; sourceTree = "<group>"; };
		09A0E82D164F55BE002A942B /* RouseFeedCellView.h */ = {isa = PBXFileReference; fileEncoding = 4; lastKnownFileType = sourcecode.c.h; path = RouseFeedCellView.h; sourceTree = "<group>"; };
		09A0E82E164F55BE002A942B /* RouseFeedCellView.m */ = {isa = PBXFileReference; fileEncoding = 4; lastKnownFileType = sourcecode.c.objc; path = RouseFeedCellView.m; sourceTree = "<group>"; };
		09A0E830164F5DB1002A942B /* RouseConstants.h */ = {isa = PBXFileReference; fileEncoding = 4; lastKnownFileType = sourcecode.c.h; path = RouseConstants.h; sourceTree = "<group>"; };
		09A0E831164F5DB1002A942B /* RouseConstants.m */ = {isa = PBXFileReference; fileEncoding = 4; lastKnownFileType = sourcecode.c.objc; path = RouseConstants.m; sourceTree = "<group>"; };
		09AEE043163EF8F400E5BADA /* RouseFeedsManagerViewController.h */ = {isa = PBXFileReference; fileEncoding = 4; lastKnownFileType = sourcecode.c.h; path = RouseFeedsManagerViewController.h; sourceTree = "<group>"; };
		09AEE044163EF8F500E5BADA /* RouseFeedsManagerViewController.m */ = {isa = PBXFileReference; fileEncoding = 4; lastKnownFileType = sourcecode.c.objc; path = RouseFeedsManagerViewController.m; sourceTree = "<group>"; };
		09BDC93C163DE42B00B8C4C7 /* RouseFeedsController.h */ = {isa = PBXFileReference; fileEncoding = 4; lastKnownFileType = sourcecode.c.h; path = RouseFeedsController.h; sourceTree = SOURCE_ROOT; };
		09BDC93D163DE42B00B8C4C7 /* RouseFeedsController.m */ = {isa = PBXFileReference; fileEncoding = 4; lastKnownFileType = sourcecode.c.objc; path = RouseFeedsController.m; sourceTree = SOURCE_ROOT; };
		09CCDE5A16511B720099BBD8 /* RouseImageCellView.h */ = {isa = PBXFileReference; fileEncoding = 4; lastKnownFileType = sourcecode.c.h; path = RouseImageCellView.h; sourceTree = "<group>"; };
		09CCDE5B16511B720099BBD8 /* RouseImageCellView.m */ = {isa = PBXFileReference; fileEncoding = 4; lastKnownFileType = sourcecode.c.objc; path = RouseImageCellView.m; sourceTree = "<group>"; };
/* End PBXFileReference section */

/* Begin PBXFrameworksBuildPhase section */
		09544BC9163C30FB00181757 /* Frameworks */ = {
			isa = PBXFrameworksBuildPhase;
			buildActionMask = 2147483647;
			files = (
				09544BD1163C30FB00181757 /* UIKit.framework in Frameworks */,
				09544BD3163C30FB00181757 /* Foundation.framework in Frameworks */,
				09544BD5163C30FB00181757 /* CoreGraphics.framework in Frameworks */,
			);
			runOnlyForDeploymentPostprocessing = 0;
		};
/* End PBXFrameworksBuildPhase section */

/* Begin PBXGroup section */
		09544BC1163C30FB00181757 = {
			isa = PBXGroup;
			children = (
				09544BD6163C30FB00181757 /* Rouse */,
				09544BCF163C30FB00181757 /* Frameworks */,
				09544BCD163C30FB00181757 /* Products */,
			);
			sourceTree = "<group>";
		};
		09544BCD163C30FB00181757 /* Products */ = {
			isa = PBXGroup;
			children = (
				09544BCC163C30FB00181757 /* Rouse.app */,
			);
			name = Products;
			sourceTree = "<group>";
		};
		09544BCF163C30FB00181757 /* Frameworks */ = {
			isa = PBXGroup;
			children = (
				09544BD0163C30FB00181757 /* UIKit.framework */,
				09544BD2163C30FB00181757 /* Foundation.framework */,
				09544BD4163C30FB00181757 /* CoreGraphics.framework */,
			);
			name = Frameworks;
			sourceTree = "<group>";
		};
		09544BD6163C30FB00181757 /* Rouse */ = {
			isa = PBXGroup;
			children = (
				09544BF6163C608100181757 /* Images */,
				09544C20163C611700181757 /* Model */,
				09544BDF163C30FB00181757 /* RouseAppDelegate.h */,
				09544BE0163C30FB00181757 /* RouseAppDelegate.m */,
				09BDC93C163DE42B00B8C4C7 /* RouseFeedsController.h */,
				09BDC93D163DE42B00B8C4C7 /* RouseFeedsController.m */,
				09544BEB163C30FB00181757 /* RouseFeedController.h */,
				09544BEC163C30FB00181757 /* RouseFeedController.m */,
				09AEE043163EF8F400E5BADA /* RouseFeedsManagerViewController.h */,
				09AEE044163EF8F500E5BADA /* RouseFeedsManagerViewController.m */,
				09A0E82D164F55BE002A942B /* RouseFeedCellView.h */,
				09A0E82E164F55BE002A942B /* RouseFeedCellView.m */,
				09CCDE5A16511B720099BBD8 /* RouseImageCellView.h */,
				09CCDE5B16511B720099BBD8 /* RouseImageCellView.m */,
				0974B143165201260051BD3C /* RouseImageDetailController.h */,
				0974B144165201260051BD3C /* RouseImageDetailController.m */,
				09544C21163C614700181757 /* RouseUtility.h */,
				09544C22163C614700181757 /* RouseUtility.m */,
				09A0E830164F5DB1002A942B /* RouseConstants.h */,
				09A0E831164F5DB1002A942B /* RouseConstants.m */,
				09544BE8163C30FB00181757 /* MainStoryboard.storyboard */,
				09544BD7163C30FB00181757 /* Supporting Files */,
			);
			path = Rouse;
			sourceTree = "<group>";
		};
		09544BD7163C30FB00181757 /* Supporting Files */ = {
			isa = PBXGroup;
			children = (
				09544BD8163C30FB00181757 /* Rouse-Info.plist */,
				09544BD9163C30FB00181757 /* InfoPlist.strings */,
				09544BDC163C30FB00181757 /* main.m */,
				09544BDE163C30FB00181757 /* Rouse-Prefix.pch */,
				09544BE2163C30FB00181757 /* Default.png */,
				09544BE4163C30FB00181757 /* Default@2x.png */,
				09544BE6163C30FB00181757 /* Default-568h@2x.png */,
			);
			name = "Supporting Files";
			sourceTree = "<group>";
		};
		09544BF6163C608100181757 /* Images */ = {
			isa = PBXGroup;
			children = (
				094D12A81657A523009DF9A1 /* feed-rss.png */,
				094D12A616579B26009DF9A1 /* rss-icon.jpeg */,
				094D128416579B15009DF9A1 /* backbutton.png */,
				094D128516579B15009DF9A1 /* bactofront.png */,
				094D128616579B15009DF9A1 /* bg.png */,
				094D128716579B15009DF9A1 /* button-pressed.png */,
				094D128816579B15009DF9A1 /* clip.png */,
				094D128916579B15009DF9A1 /* counter.png */,
				094D128A16579B15009DF9A1 /* info-button-pressed.png */,
				094D128B16579B15009DF9A1 /* info-button.png */,
				094D128C16579B15009DF9A1 /* info-icon.png */,
				094D128D16579B15009DF9A1 /* pictureholder.png */,
				094D128E16579B15009DF9A1 /* refresh-icon.png */,
				094D128F16579B15009DF9A1 /* refreshbutton-bg.png */,
				094D129016579B15009DF9A1 /* refreshbutton.png */,
				094D129116579B15009DF9A1 /* scrobble-head.png */,
				094D129216579B15009DF9A1 /* scrobbler-bg.png */,
				094D129316579B15009DF9A1 /* share-icon.png */,
				094D129416579B15009DF9A1 /* toolbar.png */,
				0919AE1C16536B7E00E5A50E /* bg-90.png */,
				09866E1E1651E47600D97B46 /* rss-test.png */,
			);
			name = Images;
			sourceTree = "<group>";
		};
		09544C20163C611700181757 /* Model */ = {
			isa = PBXGroup;
			children = (
				09544C1A163C610F00181757 /* Feed.h */,
				09544C1B163C610F00181757 /* Feed.m */,
				09544C1C163C610F00181757 /* FeedManager.h */,
				09544C1D163C610F00181757 /* FeedManager.m */,
				09544C27163C62CB00181757 /* Photo.h */,
				09544C28163C62CB00181757 /* Photo.m */,
				096BB59A1642AB7A007953D9 /* RSSParser.h */,
				096BB59B1642AB7A007953D9 /* RSSParser.m */,
			);
			name = Model;
			sourceTree = "<group>";
		};
/* End PBXGroup section */

/* Begin PBXNativeTarget section */
		09544BCB163C30FB00181757 /* Rouse */ = {
			isa = PBXNativeTarget;
			buildConfigurationList = 09544BF0163C30FB00181757 /* Build configuration list for PBXNativeTarget "Rouse" */;
			buildPhases = (
				09544BC8163C30FB00181757 /* Sources */,
				09544BC9163C30FB00181757 /* Frameworks */,
				09544BCA163C30FB00181757 /* Resources */,
			);
			buildRules = (
			);
			dependencies = (
			);
			name = Rouse;
			productName = Rouse;
			productReference = 09544BCC163C30FB00181757 /* Rouse.app */;
			productType = "com.apple.product-type.application";
		};
/* End PBXNativeTarget section */

/* Begin PBXProject section */
		09544BC3163C30FB00181757 /* Project object */ = {
			isa = PBXProject;
			attributes = {
				CLASSPREFIX = Rouse;
				LastUpgradeCheck = 0450;
				ORGANIZATIONNAME = "Mads Andersen";
			};
			buildConfigurationList = 09544BC6163C30FB00181757 /* Build configuration list for PBXProject "Rouse" */;
			compatibilityVersion = "Xcode 3.2";
			developmentRegion = English;
			hasScannedForEncodings = 0;
			knownRegions = (
				en,
			);
			mainGroup = 09544BC1163C30FB00181757;
			productRefGroup = 09544BCD163C30FB00181757 /* Products */;
			projectDirPath = "";
			projectRoot = "";
			targets = (
				09544BCB163C30FB00181757 /* Rouse */,
			);
		};
/* End PBXProject section */

/* Begin PBXResourcesBuildPhase section */
		09544BCA163C30FB00181757 /* Resources */ = {
			isa = PBXResourcesBuildPhase;
			buildActionMask = 2147483647;
			files = (
				09544BDB163C30FB00181757 /* InfoPlist.strings in Resources */,
				09544BE3163C30FB00181757 /* Default.png in Resources */,
				09544BE5163C30FB00181757 /* Default@2x.png in Resources */,
				09544BE7163C30FB00181757 /* Default-568h@2x.png in Resources */,
				09544BEA163C30FB00181757 /* MainStoryboard.storyboard in Resources */,
				09866E1F1651E47600D97B46 /* rss-test.png in Resources */,
				0919AE1D16536B7E00E5A50E /* bg-90.png in Resources */,
				094D129516579B15009DF9A1 /* backbutton.png in Resources */,
				094D129616579B15009DF9A1 /* bactofront.png in Resources */,
				094D129716579B15009DF9A1 /* bg.png in Resources */,
				094D129816579B15009DF9A1 /* button-pressed.png in Resources */,
				094D129916579B15009DF9A1 /* clip.png in Resources */,
				094D129A16579B15009DF9A1 /* counter.png in Resources */,
				094D129B16579B15009DF9A1 /* info-button-pressed.png in Resources */,
				094D129C16579B15009DF9A1 /* info-button.png in Resources */,
				094D129D16579B15009DF9A1 /* info-icon.png in Resources */,
				094D129E16579B15009DF9A1 /* pictureholder.png in Resources */,
				094D129F16579B15009DF9A1 /* refresh-icon.png in Resources */,
				094D12A016579B15009DF9A1 /* refreshbutton-bg.png in Resources */,
				094D12A116579B15009DF9A1 /* refreshbutton.png in Resources */,
				094D12A216579B15009DF9A1 /* scrobble-head.png in Resources */,
				094D12A316579B15009DF9A1 /* scrobbler-bg.png in Resources */,
				094D12A416579B15009DF9A1 /* share-icon.png in Resources */,
				094D12A516579B15009DF9A1 /* toolbar.png in Resources */,
				094D12A716579B26009DF9A1 /* rss-icon.jpeg in Resources */,
				094D12A91657A523009DF9A1 /* feed-rss.png in Resources */,
			);
			runOnlyForDeploymentPostprocessing = 0;
		};
/* End PBXResourcesBuildPhase section */

/* Begin PBXSourcesBuildPhase section */
		09544BC8163C30FB00181757 /* Sources */ = {
			isa = PBXSourcesBuildPhase;
			buildActionMask = 2147483647;
			files = (
				09544BDD163C30FB00181757 /* main.m in Sources */,
				09544BE1163C30FB00181757 /* RouseAppDelegate.m in Sources */,
				09544BED163C30FB00181757 /* RouseFeedController.m in Sources */,
				09544C1E163C611000181757 /* Feed.m in Sources */,
				09544C1F163C611000181757 /* FeedManager.m in Sources */,
				09544C23163C614800181757 /* RouseUtility.m in Sources */,
				09544C29163C62CB00181757 /* Photo.m in Sources */,
				09BDC93E163DE42B00B8C4C7 /* RouseFeedsController.m in Sources */,
				09AEE045163EF8F500E5BADA /* RouseFeedsManagerViewController.m in Sources */,
				096BB59C1642AB7A007953D9 /* RSSParser.m in Sources */,
				09A0E82F164F55BE002A942B /* RouseFeedCellView.m in Sources */,
				09A0E832164F5DB1002A942B /* RouseConstants.m in Sources */,
				09CCDE5C16511B720099BBD8 /* RouseImageCellView.m in Sources */,
				0974B145165201260051BD3C /* RouseImageDetailController.m in Sources */,
			);
			runOnlyForDeploymentPostprocessing = 0;
		};
/* End PBXSourcesBuildPhase section */

/* Begin PBXVariantGroup section */
		09544BD9163C30FB00181757 /* InfoPlist.strings */ = {
			isa = PBXVariantGroup;
			children = (
				09544BDA163C30FB00181757 /* en */,
			);
			name = InfoPlist.strings;
			sourceTree = "<group>";
		};
		09544BE8163C30FB00181757 /* MainStoryboard.storyboard */ = {
			isa = PBXVariantGroup;
			children = (
				09544BE9163C30FB00181757 /* en */,
			);
			name = MainStoryboard.storyboard;
			sourceTree = "<group>";
		};
/* End PBXVariantGroup section */

/* Begin XCBuildConfiguration section */
		09544BEE163C30FB00181757 /* Debug */ = {
			isa = XCBuildConfiguration;
			buildSettings = {
				ALWAYS_SEARCH_USER_PATHS = NO;
				CLANG_CXX_LANGUAGE_STANDARD = "gnu++0x";
				CLANG_CXX_LIBRARY = "libc++";
				CLANG_ENABLE_OBJC_ARC = YES;
				CLANG_WARN_EMPTY_BODY = YES;
				CLANG_WARN__DUPLICATE_METHOD_MATCH = YES;
				"CODE_SIGN_IDENTITY[sdk=iphoneos*]" = "iPhone Developer";
				COPY_PHASE_STRIP = NO;
				GCC_C_LANGUAGE_STANDARD = gnu99;
				GCC_DYNAMIC_NO_PIC = NO;
				GCC_OPTIMIZATION_LEVEL = 0;
				GCC_PREPROCESSOR_DEFINITIONS = (
					"DEBUG=1",
					"$(inherited)",
				);
				GCC_SYMBOLS_PRIVATE_EXTERN = NO;
				GCC_WARN_ABOUT_RETURN_TYPE = YES;
				GCC_WARN_UNINITIALIZED_AUTOS = YES;
				GCC_WARN_UNUSED_VARIABLE = YES;
				IPHONEOS_DEPLOYMENT_TARGET = 6.0;
				ONLY_ACTIVE_ARCH = YES;
				SDKROOT = iphoneos;
				TARGETED_DEVICE_FAMILY = 2;
			};
			name = Debug;
		};
		09544BEF163C30FB00181757 /* Release */ = {
			isa = XCBuildConfiguration;
			buildSettings = {
				ALWAYS_SEARCH_USER_PATHS = NO;
				CLANG_CXX_LANGUAGE_STANDARD = "gnu++0x";
				CLANG_CXX_LIBRARY = "libc++";
				CLANG_ENABLE_OBJC_ARC = YES;
				CLANG_WARN_EMPTY_BODY = YES;
				CLANG_WARN__DUPLICATE_METHOD_MATCH = YES;
				"CODE_SIGN_IDENTITY[sdk=iphoneos*]" = "iPhone Developer";
				COPY_PHASE_STRIP = YES;
				GCC_C_LANGUAGE_STANDARD = gnu99;
				GCC_WARN_ABOUT_RETURN_TYPE = YES;
				GCC_WARN_UNINITIALIZED_AUTOS = YES;
				GCC_WARN_UNUSED_VARIABLE = YES;
				IPHONEOS_DEPLOYMENT_TARGET = 6.0;
				OTHER_CFLAGS = "-DNS_BLOCK_ASSERTIONS=1";
				SDKROOT = iphoneos;
				TARGETED_DEVICE_FAMILY = 2;
				VALIDATE_PRODUCT = YES;
			};
			name = Release;
		};
		09544BF1163C30FB00181757 /* Debug */ = {
			isa = XCBuildConfiguration;
			buildSettings = {
				GCC_PRECOMPILE_PREFIX_HEADER = YES;
				GCC_PREFIX_HEADER = "Rouse/Rouse-Prefix.pch";
				INFOPLIST_FILE = "Rouse/Rouse-Info.plist";
				IPHONEOS_DEPLOYMENT_TARGET = 6.0;
				PRODUCT_NAME = "$(TARGET_NAME)";
				WRAPPER_EXTENSION = app;
			};
			name = Debug;
		};
		09544BF2163C30FB00181757 /* Release */ = {
			isa = XCBuildConfiguration;
			buildSettings = {
				GCC_PRECOMPILE_PREFIX_HEADER = YES;
				GCC_PREFIX_HEADER = "Rouse/Rouse-Prefix.pch";
				INFOPLIST_FILE = "Rouse/Rouse-Info.plist";
				IPHONEOS_DEPLOYMENT_TARGET = 6.0;
				PRODUCT_NAME = "$(TARGET_NAME)";
				WRAPPER_EXTENSION = app;
			};
			name = Release;
		};
/* End XCBuildConfiguration section */

/* Begin XCConfigurationList section */
		09544BC6163C30FB00181757 /* Build configuration list for PBXProject "Rouse" */ = {
			isa = XCConfigurationList;
			buildConfigurations = (
				09544BEE163C30FB00181757 /* Debug */,
				09544BEF163C30FB00181757 /* Release */,
			);
			defaultConfigurationIsVisible = 0;
			defaultConfigurationName = Release;
		};
		09544BF0163C30FB00181757 /* Build configuration list for PBXNativeTarget "Rouse" */ = {
			isa = XCConfigurationList;
			buildConfigurations = (
				09544BF1163C30FB00181757 /* Debug */,
				09544BF2163C30FB00181757 /* Release */,
			);
			defaultConfigurationIsVisible = 0;
			defaultConfigurationName = Release;
		};
/* End XCConfigurationList section */
	};
	rootObject = 09544BC3163C30FB00181757 /* Project object */;
}
